
Microsoft Visual Studio Solution File, Format Version 12.00
# Visual Studio Version 16
VisualStudioVersion = 16.0.31025.194
MinimumVisualStudioVersion = 10.0.40219.1
Project("{FAE04EC0-301F-11D3-BF4B-00C04F79EFBC}") = "UPC Shipment Manager UI", "UPC Shipment Manager UI\UPC Shipment Manager UI.csproj", "{6622CC75-5B61-4F2A-863C-1A628AE14570}"
EndProject
Project("{FAE04EC0-301F-11D3-BF4B-00C04F79EFBC}") = "UPC.Library", "UPC.Library\UPC.Library.csproj", "{D4106C9F-688C-4036-B499-20F3B3F489C5}"
EndProject
Project("{00D1A9C2-B5F0-4AF3-8072-F6C62B433612}") = "UPCData", "UPCData\UPCData.sqlproj", "{062B9ED8-E10C-4FE5-B739-9A0B341FBFAD}"
EndProject
Global
	GlobalSection(SolutionConfigurationPlatforms) = preSolution
		Debug|Any CPU = Debug|Any CPU
		Release|Any CPU = Release|Any CPU
	EndGlobalSection
	GlobalSection(ProjectConfigurationPlatforms) = postSolution
		{6622CC75-5B61-4F2A-863C-1A628AE14570}.Debug|Any CPU.ActiveCfg = Debug|Any CPU
		{6622CC75-5B61-4F2A-863C-1A628AE14570}.Debug|Any CPU.Build.0 = Debug|Any CPU
		{6622CC75-5B61-4F2A-863C-1A628AE14570}.Release|Any CPU.ActiveCfg = Release|Any CPU
		{6622CC75-5B61-4F2A-863C-1A628AE14570}.Release|Any CPU.Build.0 = Release|Any CPU
		{D4106C9F-688C-4036-B499-20F3B3F489C5}.Debug|Any CPU.ActiveCfg = Debug|Any CPU
		{D4106C9F-688C-4036-B499-20F3B3F489C5}.Debug|Any CPU.Build.0 = Debug|Any CPU
		{D4106C9F-688C-4036-B499-20F3B3F489C5}.Release|Any CPU.ActiveCfg = Release|Any CPU
		{D4106C9F-688C-4036-B499-20F3B3F489C5}.Release|Any CPU.Build.0 = Release|Any CPU
		{062B9ED8-E10C-4FE5-B739-9A0B341FBFAD}.Debug|Any CPU.ActiveCfg = Debug|Any CPU
		{062B9ED8-E10C-4FE5-B739-9A0B341FBFAD}.Debug|Any CPU.Build.0 = Debug|Any CPU
		{062B9ED8-E10C-4FE5-B739-9A0B341FBFAD}.Debug|Any CPU.Deploy.0 = Debug|Any CPU
		{062B9ED8-E10C-4FE5-B739-9A0B341FBFAD}.Release|Any CPU.ActiveCfg = Release|Any CPU
		{062B9ED8-E10C-4FE5-B739-9A0B341FBFAD}.Release|Any CPU.Build.0 = Release|Any CPU
		{062B9ED8-E10C-4FE5-B739-9A0B341FBFAD}.Release|Any CPU.Deploy.0 = Release|Any CPU
	EndGlobalSection
	GlobalSection(SolutionProperties) = preSolution
		HideSolutionNode = FALSE
	EndGlobalSection
	GlobalSection(ExtensibilityGlobals) = postSolution
		SolutionGuid = {C14C8797-8F63-4584-830E-02B052CE4125}
	EndGlobalSection
EndGlobal
